// !$*UTF8*$!
{
	archiveVersion = 1;
	classes = {
	};
	objectVersion = 56;
	objects = {

/* Begin PBXBuildFile section */
		1D3669872CC62F8200E84FF9 /* Strings.swift in Sources */ = {isa = PBXBuildFile; fileRef = 1D3669862CC62F8200E84FF9 /* Strings.swift */; };
		1D3669892CC62F9100E84FF9 /* UIConstants.swift in Sources */ = {isa = PBXBuildFile; fileRef = 1D3669882CC62F9100E84FF9 /* UIConstants.swift */; };
		1D36698B2CC62FD700E84FF9 /* Localizable.xcstrings in Resources */ = {isa = PBXBuildFile; fileRef = 1D36698A2CC62FD700E84FF9 /* Localizable.xcstrings */; };
		1D36698D2CC6CB4100E84FF9 /* SplashScreenView.swift in Sources */ = {isa = PBXBuildFile; fileRef = 1D36698C2CC6CB4000E84FF9 /* SplashScreenView.swift */; };
		1D88B7CC2CC6EA47009B6538 /* CameraManager.swift in Sources */ = {isa = PBXBuildFile; fileRef = 1D88B7CB2CC6EA47009B6538 /* CameraManager.swift */; };
		1D88B7CF2CC6EB62009B6538 /* CameraManagerExtension.swift in Sources */ = {isa = PBXBuildFile; fileRef = 1D88B7CE2CC6EB62009B6538 /* CameraManagerExtension.swift */; };
		1D88B7D12CC6EBB4009B6538 /* CameraView.swift in Sources */ = {isa = PBXBuildFile; fileRef = 1D88B7D02CC6EBB4009B6538 /* CameraView.swift */; };
		1D88B7D32CC9F70C009B6538 /* CameraPreview.swift in Sources */ = {isa = PBXBuildFile; fileRef = 1D88B7D22CC9F70C009B6538 /* CameraPreview.swift */; };
		1D88B7D82CC9FA34009B6538 /* OCRUtilities.swift in Sources */ = {isa = PBXBuildFile; fileRef = 1D88B7D72CC9FA34009B6538 /* OCRUtilities.swift */; };
		1DAF5D072CED97EE001C0AF3 /* DashboardViewModel.swift in Sources */ = {isa = PBXBuildFile; fileRef = 1DAF5D062CED97EE001C0AF3 /* DashboardViewModel.swift */; };
		1DAF5D092CED9CA3001C0AF3 /* IncomeModel.swift in Sources */ = {isa = PBXBuildFile; fileRef = 1DAF5D082CED9CA3001C0AF3 /* IncomeModel.swift */; };
		1DAF5D0C2CEDA6C0001C0AF3 /* IncomesTrackerViewModel.swift in Sources */ = {isa = PBXBuildFile; fileRef = 1DAF5D0B2CEDA6C0001C0AF3 /* IncomesTrackerViewModel.swift */; };
		1DAF5D0F2CEDAAAD001C0AF3 /* IQKeyboardManagerSwift in Frameworks */ = {isa = PBXBuildFile; productRef = 1DAF5D0E2CEDAAAD001C0AF3 /* IQKeyboardManagerSwift */; };
		1DAF5D132CEDB421001C0AF3 /* ExpensesTrackerViewModel.swift in Sources */ = {isa = PBXBuildFile; fileRef = 1DAF5D122CEDB421001C0AF3 /* ExpensesTrackerViewModel.swift */; };
		1DAF5D162CEDB69B001C0AF3 /* CameraViewModel.swift in Sources */ = {isa = PBXBuildFile; fileRef = 1DAF5D152CEDB69B001C0AF3 /* CameraViewModel.swift */; };
		1DAF5D1B2CEDC118001C0AF3 /* GoalsViewModel.swift in Sources */ = {isa = PBXBuildFile; fileRef = 1DAF5D1A2CEDC118001C0AF3 /* GoalsViewModel.swift */; };
		1DAF5D1E2CEE9695001C0AF3 /* TipsAndSuggestionViewModel.swift in Sources */ = {isa = PBXBuildFile; fileRef = 1DAF5D1D2CEE9695001C0AF3 /* TipsAndSuggestionViewModel.swift */; };
		1DAF5D202CEE9767001C0AF3 /* TipHistoryView.swift in Sources */ = {isa = PBXBuildFile; fileRef = 1DAF5D1F2CEE9767001C0AF3 /* TipHistoryView.swift */; };
		1DAF5D242CEE9AF4001C0AF3 /* Config.plist in Resources */ = {isa = PBXBuildFile; fileRef = 1DAF5D232CEE9AF4001C0AF3 /* Config.plist */; };
		1DAF5D262CEE9C13001C0AF3 /* OpenAIClient.swift in Sources */ = {isa = PBXBuildFile; fileRef = 1DAF5D252CEE9C13001C0AF3 /* OpenAIClient.swift */; };
		1DAF5D282CEE9DCF001C0AF3 /* OpenAIModels.swift in Sources */ = {isa = PBXBuildFile; fileRef = 1DAF5D272CEE9DCF001C0AF3 /* OpenAIModels.swift */; };
		1DAF5D2B2CEEA943001C0AF3 /* MarkdownUI in Frameworks */ = {isa = PBXBuildFile; productRef = 1DAF5D2A2CEEA943001C0AF3 /* MarkdownUI */; };
		1DAF5D2D2CEEDE02001C0AF3 /* AddGoalView.swift in Sources */ = {isa = PBXBuildFile; fileRef = 1DAF5D2C2CEEDE02001C0AF3 /* AddGoalView.swift */; };
		1DAF5D2F2CEEE700001C0AF3 /* AddIncomeView.swift in Sources */ = {isa = PBXBuildFile; fileRef = 1DAF5D2E2CEEE700001C0AF3 /* AddIncomeView.swift */; };
		1DAF5D312CEEE743001C0AF3 /* AddExpenseView.swift in Sources */ = {isa = PBXBuildFile; fileRef = 1DAF5D302CEEE743001C0AF3 /* AddExpenseView.swift */; };
		1DAF5D332CEEE7AA001C0AF3 /* Notifications.swift in Sources */ = {isa = PBXBuildFile; fileRef = 1DAF5D322CEEE7AA001C0AF3 /* Notifications.swift */; };
		1DC013FB2CDB575F009A46E1 /* IncomesTrackerView.swift in Sources */ = {isa = PBXBuildFile; fileRef = 1DC013FA2CDB575F009A46E1 /* IncomesTrackerView.swift */; };
		1DC013FF2CDDFA46009A46E1 /* AchievementModel.swift in Sources */ = {isa = PBXBuildFile; fileRef = 1DC013FE2CDDFA46009A46E1 /* AchievementModel.swift */; };
		1DC014052CDE09E6009A46E1 /* AchievementsView.swift in Sources */ = {isa = PBXBuildFile; fileRef = 1DC013FC2CDDFA15009A46E1 /* AchievementsView.swift */; };
		1DC014082CE5AE80009A46E1 /* LoginView.swift in Sources */ = {isa = PBXBuildFile; fileRef = 1DC014072CE5AE80009A46E1 /* LoginView.swift */; };
		1DC0140A2CE5AEBF009A46E1 /* SignUpView.swift in Sources */ = {isa = PBXBuildFile; fileRef = 1DC014092CE5AEBF009A46E1 /* SignUpView.swift */; };
		1DC0140D2CE5AF59009A46E1 /* OnboardingView.swift in Sources */ = {isa = PBXBuildFile; fileRef = 1DC0140C2CE5AF59009A46E1 /* OnboardingView.swift */; };
		1DC0140F2CE5AF81009A46E1 /* OnboardingStepView.swift in Sources */ = {isa = PBXBuildFile; fileRef = 1DC0140E2CE5AF81009A46E1 /* OnboardingStepView.swift */; };
		1DC014112CE5AFAE009A46E1 /* OnboardingStepModel.swift in Sources */ = {isa = PBXBuildFile; fileRef = 1DC014102CE5AFAD009A46E1 /* OnboardingStepModel.swift */; };
		1DC014132CE5B0C5009A46E1 /* ContentView.swift in Sources */ = {isa = PBXBuildFile; fileRef = 1DC014122CE5B0C5009A46E1 /* ContentView.swift */; };
		1DC014152CE5B674009A46E1 /* GoogleService-Info.plist in Resources */ = {isa = PBXBuildFile; fileRef = 1DC014142CE5B674009A46E1 /* GoogleService-Info.plist */; };
		1DC258082CC07DCC0002DDE3 /* SavelyApp.swift in Sources */ = {isa = PBXBuildFile; fileRef = 1DC258072CC07DCC0002DDE3 /* SavelyApp.swift */; };
		1DC2580C2CC07DCF0002DDE3 /* Assets.xcassets in Resources */ = {isa = PBXBuildFile; fileRef = 1DC2580B2CC07DCF0002DDE3 /* Assets.xcassets */; };
		1DC2580F2CC07DCF0002DDE3 /* Preview Assets.xcassets in Resources */ = {isa = PBXBuildFile; fileRef = 1DC2580E2CC07DCF0002DDE3 /* Preview Assets.xcassets */; };
		1DC258192CC07DCF0002DDE3 /* SavelyTests.swift in Sources */ = {isa = PBXBuildFile; fileRef = 1DC258182CC07DCF0002DDE3 /* SavelyTests.swift */; };
		1DC258232CC07DCF0002DDE3 /* SavelyUITests.swift in Sources */ = {isa = PBXBuildFile; fileRef = 1DC258222CC07DCF0002DDE3 /* SavelyUITests.swift */; };
		1DC258252CC07DCF0002DDE3 /* SavelyUITestsLaunchTests.swift in Sources */ = {isa = PBXBuildFile; fileRef = 1DC258242CC07DCF0002DDE3 /* SavelyUITestsLaunchTests.swift */; };
		1DC258322CC07DF40002DDE3 /* DashboardView.swift in Sources */ = {isa = PBXBuildFile; fileRef = 1DC258312CC07DF40002DDE3 /* DashboardView.swift */; };
		1DC258342CC07E460002DDE3 /* GoalsView.swift in Sources */ = {isa = PBXBuildFile; fileRef = 1DC258332CC07E460002DDE3 /* GoalsView.swift */; };
		1DC258382CC07FA00002DDE3 /* ReportsView.swift in Sources */ = {isa = PBXBuildFile; fileRef = 1DC258372CC07FA00002DDE3 /* ReportsView.swift */; };
		1DC2583A2CC081A40002DDE3 /* TipsAndSuggestionsView.swift in Sources */ = {isa = PBXBuildFile; fileRef = 1DC258392CC081A40002DDE3 /* TipsAndSuggestionsView.swift */; };
		1DC2583C2CC081D90002DDE3 /* ProfileView.swift in Sources */ = {isa = PBXBuildFile; fileRef = 1DC2583B2CC081D90002DDE3 /* ProfileView.swift */; };
		1DC2583E2CC082450002DDE3 /* MainNavigationView.swift in Sources */ = {isa = PBXBuildFile; fileRef = 1DC2583D2CC082450002DDE3 /* MainNavigationView.swift */; };
		1DC258432CC61D3A0002DDE3 /* CardView.swift in Sources */ = {isa = PBXBuildFile; fileRef = 1DC258422CC61D3A0002DDE3 /* CardView.swift */; };
		1DC258462CC628C70002DDE3 /* QuickActionButton.swift in Sources */ = {isa = PBXBuildFile; fileRef = 1DC258452CC628C70002DDE3 /* QuickActionButton.swift */; };
		1DC258492CC629210002DDE3 /* GoalModel.swift in Sources */ = {isa = PBXBuildFile; fileRef = 1DC258482CC629210002DDE3 /* GoalModel.swift */; };
		1DC2584B2CC629540002DDE3 /* ExpenseModel.swift in Sources */ = {isa = PBXBuildFile; fileRef = 1DC2584A2CC629540002DDE3 /* ExpenseModel.swift */; };
		1DC2584D2CC629890002DDE3 /* MonthlySavingModel.swift in Sources */ = {isa = PBXBuildFile; fileRef = 1DC2584C2CC629890002DDE3 /* MonthlySavingModel.swift */; };
		1DC2584F2CC62A160002DDE3 /* TipModel.swift in Sources */ = {isa = PBXBuildFile; fileRef = 1DC2584E2CC62A160002DDE3 /* TipModel.swift */; };
		1DC258522CC62A5B0002DDE3 /* TabsView.swift in Sources */ = {isa = PBXBuildFile; fileRef = 1DC258512CC62A5B0002DDE3 /* TabsView.swift */; };
		1DC258542CC62B530002DDE3 /* TipsListView.swift in Sources */ = {isa = PBXBuildFile; fileRef = 1DC258532CC62B530002DDE3 /* TipsListView.swift */; };
		1DC258562CC62BAB0002DDE3 /* TipCardView.swift in Sources */ = {isa = PBXBuildFile; fileRef = 1DC258552CC62BAB0002DDE3 /* TipCardView.swift */; };
		1DC258572CC62DF20002DDE3 /* ExpenseTrackerView.swift in Sources */ = {isa = PBXBuildFile; fileRef = 1DC258352CC07E850002DDE3 /* ExpenseTrackerView.swift */; };
		1DE4B4CA2CE5DC36006C8F65 /* FirebaseAuth in Frameworks */ = {isa = PBXBuildFile; productRef = 1DE4B4C92CE5DC36006C8F65 /* FirebaseAuth */; };
		1DE4B4CC2CE5DC3B006C8F65 /* FirebaseFirestore in Frameworks */ = {isa = PBXBuildFile; productRef = 1DE4B4CB2CE5DC3B006C8F65 /* FirebaseFirestore */; };
		1DE4B4D02CE5F2D6006C8F65 /* OnboardingData.swift in Sources */ = {isa = PBXBuildFile; fileRef = 1DE4B4CF2CE5F2D6006C8F65 /* OnboardingData.swift */; };
		1DE4B4D22CE5F681006C8F65 /* AchievementsData.swift in Sources */ = {isa = PBXBuildFile; fileRef = 1DE4B4D12CE5F681006C8F65 /* AchievementsData.swift */; };
		1DE4B4D42CE60032006C8F65 /* HybridTextField.swift in Sources */ = {isa = PBXBuildFile; fileRef = 1DE4B4D32CE60032006C8F65 /* HybridTextField.swift */; };
		1DE4B4D62CE7AF93006C8F65 /* CustomTextfield.swift in Sources */ = {isa = PBXBuildFile; fileRef = 1DE4B4D52CE7AF93006C8F65 /* CustomTextfield.swift */; };
		1DE4B4D82CE7B10E006C8F65 /* PrimaryButton.swift in Sources */ = {isa = PBXBuildFile; fileRef = 1DE4B4D72CE7B10E006C8F65 /* PrimaryButton.swift */; };
		1DE4B4DA2CEBF60B006C8F65 /* AuthenticationManager.swift in Sources */ = {isa = PBXBuildFile; fileRef = 1DE4B4D92CEBF60B006C8F65 /* AuthenticationManager.swift */; };
		1DE4B4DC2CEBF812006C8F65 /* AuthDataResultModel.swift in Sources */ = {isa = PBXBuildFile; fileRef = 1DE4B4DB2CEBF812006C8F65 /* AuthDataResultModel.swift */; };
		1DE4B4DE2CEBF8AC006C8F65 /* AuthenticationManagerExtension.swift in Sources */ = {isa = PBXBuildFile; fileRef = 1DE4B4DD2CEBF8AC006C8F65 /* AuthenticationManagerExtension.swift */; };
		1DE4B4E02CEBF909006C8F65 /* SignInWithAppleHelper.swift in Sources */ = {isa = PBXBuildFile; fileRef = 1DE4B4DF2CEBF909006C8F65 /* SignInWithAppleHelper.swift */; };
		1DE4B4E32CEBFAA5006C8F65 /* LoginViewModel.swift in Sources */ = {isa = PBXBuildFile; fileRef = 1DE4B4E22CEBFAA5006C8F65 /* LoginViewModel.swift */; };
		1DE4B4E52CEBFAD4006C8F65 /* UserManager.swift in Sources */ = {isa = PBXBuildFile; fileRef = 1DE4B4E42CEBFAD4006C8F65 /* UserManager.swift */; };
		1DE4B4E72CEBFAF8006C8F65 /* DBUserModel.swift in Sources */ = {isa = PBXBuildFile; fileRef = 1DE4B4E62CEBFAF8006C8F65 /* DBUserModel.swift */; };
		1DE4B4E92CEC018E006C8F65 /* SignUpViewModel.swift in Sources */ = {isa = PBXBuildFile; fileRef = 1DE4B4E82CEC018E006C8F65 /* SignUpViewModel.swift */; };
		1DE4B4EC2CEC4EE3006C8F65 /* AppViewModel.swift in Sources */ = {isa = PBXBuildFile; fileRef = 1DE4B4EB2CEC4EE3006C8F65 /* AppViewModel.swift */; };
		1DE4B4EF2CEC514B006C8F65 /* ProfileViewModel.swift in Sources */ = {isa = PBXBuildFile; fileRef = 1DE4B4EE2CEC514B006C8F65 /* ProfileViewModel.swift */; };
		1DE4B4F12CEC5174006C8F65 /* UserManagerExtension.swift in Sources */ = {isa = PBXBuildFile; fileRef = 1DE4B4F02CEC5174006C8F65 /* UserManagerExtension.swift */; };
		1DE9FE0E2D063AF20069AA64 /* NotificationSettingsStepView.swift in Sources */ = {isa = PBXBuildFile; fileRef = 1DE9FE0D2D063AF20069AA64 /* NotificationSettingsStepView.swift */; };
		1DE9FE102D063BC80069AA64 /* NotificationManager.swift in Sources */ = {isa = PBXBuildFile; fileRef = 1DE9FE0F2D063BC80069AA64 /* NotificationManager.swift */; };
		82D33CE22CEC66D200BE005E /* TextRecognizer.swift in Sources */ = {isa = PBXBuildFile; fileRef = 82D33CE12CEC66D200BE005E /* TextRecognizer.swift */; };
		82D33CE42CEC66F200BE005E /* TotalConfirmationView.swift in Sources */ = {isa = PBXBuildFile; fileRef = 82D33CE32CEC66F200BE005E /* TotalConfirmationView.swift */; };
/* End PBXBuildFile section */

/* Begin PBXContainerItemProxy section */
		1DC258152CC07DCF0002DDE3 /* PBXContainerItemProxy */ = {
			isa = PBXContainerItemProxy;
			containerPortal = 1DC257FC2CC07DCC0002DDE3 /* Project object */;
			proxyType = 1;
			remoteGlobalIDString = 1DC258032CC07DCC0002DDE3;
			remoteInfo = Savely;
		};
		1DC2581F2CC07DCF0002DDE3 /* PBXContainerItemProxy */ = {
			isa = PBXContainerItemProxy;
			containerPortal = 1DC257FC2CC07DCC0002DDE3 /* Project object */;
			proxyType = 1;
			remoteGlobalIDString = 1DC258032CC07DCC0002DDE3;
			remoteInfo = Savely;
		};
/* End PBXContainerItemProxy section */

/* Begin PBXFileReference section */
		1D3669862CC62F8200E84FF9 /* Strings.swift */ = {isa = PBXFileReference; lastKnownFileType = sourcecode.swift; path = Strings.swift; sourceTree = "<group>"; };
		1D3669882CC62F9100E84FF9 /* UIConstants.swift */ = {isa = PBXFileReference; lastKnownFileType = sourcecode.swift; path = UIConstants.swift; sourceTree = "<group>"; };
		1D36698A2CC62FD700E84FF9 /* Localizable.xcstrings */ = {isa = PBXFileReference; lastKnownFileType = text.json.xcstrings; path = Localizable.xcstrings; sourceTree = "<group>"; };
		1D36698C2CC6CB4000E84FF9 /* SplashScreenView.swift */ = {isa = PBXFileReference; lastKnownFileType = sourcecode.swift; path = SplashScreenView.swift; sourceTree = "<group>"; };
		1D88B7CB2CC6EA47009B6538 /* CameraManager.swift */ = {isa = PBXFileReference; lastKnownFileType = sourcecode.swift; path = CameraManager.swift; sourceTree = "<group>"; };
		1D88B7CE2CC6EB62009B6538 /* CameraManagerExtension.swift */ = {isa = PBXFileReference; lastKnownFileType = sourcecode.swift; path = CameraManagerExtension.swift; sourceTree = "<group>"; };
		1D88B7D02CC6EBB4009B6538 /* CameraView.swift */ = {isa = PBXFileReference; lastKnownFileType = sourcecode.swift; path = CameraView.swift; sourceTree = "<group>"; };
		1D88B7D22CC9F70C009B6538 /* CameraPreview.swift */ = {isa = PBXFileReference; lastKnownFileType = sourcecode.swift; path = CameraPreview.swift; sourceTree = "<group>"; };
		1D88B7D72CC9FA34009B6538 /* OCRUtilities.swift */ = {isa = PBXFileReference; lastKnownFileType = sourcecode.swift; path = OCRUtilities.swift; sourceTree = "<group>"; };
		1DAF5D062CED97EE001C0AF3 /* DashboardViewModel.swift */ = {isa = PBXFileReference; lastKnownFileType = sourcecode.swift; path = DashboardViewModel.swift; sourceTree = "<group>"; };
		1DAF5D082CED9CA3001C0AF3 /* IncomeModel.swift */ = {isa = PBXFileReference; lastKnownFileType = sourcecode.swift; path = IncomeModel.swift; sourceTree = "<group>"; };
		1DAF5D0B2CEDA6C0001C0AF3 /* IncomesTrackerViewModel.swift */ = {isa = PBXFileReference; lastKnownFileType = sourcecode.swift; path = IncomesTrackerViewModel.swift; sourceTree = "<group>"; };
		1DAF5D122CEDB421001C0AF3 /* ExpensesTrackerViewModel.swift */ = {isa = PBXFileReference; lastKnownFileType = sourcecode.swift; path = ExpensesTrackerViewModel.swift; sourceTree = "<group>"; };
		1DAF5D152CEDB69B001C0AF3 /* CameraViewModel.swift */ = {isa = PBXFileReference; lastKnownFileType = sourcecode.swift; path = CameraViewModel.swift; sourceTree = "<group>"; };
		1DAF5D1A2CEDC118001C0AF3 /* GoalsViewModel.swift */ = {isa = PBXFileReference; lastKnownFileType = sourcecode.swift; path = GoalsViewModel.swift; sourceTree = "<group>"; };
		1DAF5D1D2CEE9695001C0AF3 /* TipsAndSuggestionViewModel.swift */ = {isa = PBXFileReference; lastKnownFileType = sourcecode.swift; path = TipsAndSuggestionViewModel.swift; sourceTree = "<group>"; };
		1DAF5D1F2CEE9767001C0AF3 /* TipHistoryView.swift */ = {isa = PBXFileReference; lastKnownFileType = sourcecode.swift; path = TipHistoryView.swift; sourceTree = "<group>"; };
		1DAF5D212CEE9989001C0AF3 /* Info.plist */ = {isa = PBXFileReference; lastKnownFileType = text.plist.xml; path = Info.plist; sourceTree = "<group>"; };
		1DAF5D232CEE9AF4001C0AF3 /* Config.plist */ = {isa = PBXFileReference; lastKnownFileType = text.plist.xml; path = Config.plist; sourceTree = "<group>"; };
		1DAF5D252CEE9C13001C0AF3 /* OpenAIClient.swift */ = {isa = PBXFileReference; lastKnownFileType = sourcecode.swift; path = OpenAIClient.swift; sourceTree = "<group>"; };
		1DAF5D272CEE9DCF001C0AF3 /* OpenAIModels.swift */ = {isa = PBXFileReference; lastKnownFileType = sourcecode.swift; path = OpenAIModels.swift; sourceTree = "<group>"; };
		1DAF5D2C2CEEDE02001C0AF3 /* AddGoalView.swift */ = {isa = PBXFileReference; lastKnownFileType = sourcecode.swift; path = AddGoalView.swift; sourceTree = "<group>"; };
		1DAF5D2E2CEEE700001C0AF3 /* AddIncomeView.swift */ = {isa = PBXFileReference; lastKnownFileType = sourcecode.swift; path = AddIncomeView.swift; sourceTree = "<group>"; };
		1DAF5D302CEEE743001C0AF3 /* AddExpenseView.swift */ = {isa = PBXFileReference; lastKnownFileType = sourcecode.swift; path = AddExpenseView.swift; sourceTree = "<group>"; };
		1DAF5D322CEEE7AA001C0AF3 /* Notifications.swift */ = {isa = PBXFileReference; lastKnownFileType = sourcecode.swift; path = Notifications.swift; sourceTree = "<group>"; };
		1DC013FA2CDB575F009A46E1 /* IncomesTrackerView.swift */ = {isa = PBXFileReference; lastKnownFileType = sourcecode.swift; path = IncomesTrackerView.swift; sourceTree = "<group>"; };
		1DC013FC2CDDFA15009A46E1 /* AchievementsView.swift */ = {isa = PBXFileReference; lastKnownFileType = sourcecode.swift; path = AchievementsView.swift; sourceTree = "<group>"; };
		1DC013FE2CDDFA46009A46E1 /* AchievementModel.swift */ = {isa = PBXFileReference; lastKnownFileType = sourcecode.swift; path = AchievementModel.swift; sourceTree = "<group>"; };
		1DC014072CE5AE80009A46E1 /* LoginView.swift */ = {isa = PBXFileReference; lastKnownFileType = sourcecode.swift; path = LoginView.swift; sourceTree = "<group>"; };
		1DC014092CE5AEBF009A46E1 /* SignUpView.swift */ = {isa = PBXFileReference; lastKnownFileType = sourcecode.swift; path = SignUpView.swift; sourceTree = "<group>"; };
		1DC0140C2CE5AF59009A46E1 /* OnboardingView.swift */ = {isa = PBXFileReference; lastKnownFileType = sourcecode.swift; path = OnboardingView.swift; sourceTree = "<group>"; };
		1DC0140E2CE5AF81009A46E1 /* OnboardingStepView.swift */ = {isa = PBXFileReference; lastKnownFileType = sourcecode.swift; path = OnboardingStepView.swift; sourceTree = "<group>"; };
		1DC014102CE5AFAD009A46E1 /* OnboardingStepModel.swift */ = {isa = PBXFileReference; lastKnownFileType = sourcecode.swift; path = OnboardingStepModel.swift; sourceTree = "<group>"; };
		1DC014122CE5B0C5009A46E1 /* ContentView.swift */ = {isa = PBXFileReference; lastKnownFileType = sourcecode.swift; path = ContentView.swift; sourceTree = "<group>"; };
		1DC014142CE5B674009A46E1 /* GoogleService-Info.plist */ = {isa = PBXFileReference; fileEncoding = 4; lastKnownFileType = text.plist.xml; path = "GoogleService-Info.plist"; sourceTree = "<group>"; };
		1DC258042CC07DCC0002DDE3 /* Savely.app */ = {isa = PBXFileReference; explicitFileType = wrapper.application; includeInIndex = 0; path = Savely.app; sourceTree = BUILT_PRODUCTS_DIR; };
		1DC258072CC07DCC0002DDE3 /* SavelyApp.swift */ = {isa = PBXFileReference; lastKnownFileType = sourcecode.swift; path = SavelyApp.swift; sourceTree = "<group>"; };
		1DC2580B2CC07DCF0002DDE3 /* Assets.xcassets */ = {isa = PBXFileReference; lastKnownFileType = folder.assetcatalog; path = Assets.xcassets; sourceTree = "<group>"; };
		1DC2580E2CC07DCF0002DDE3 /* Preview Assets.xcassets */ = {isa = PBXFileReference; lastKnownFileType = folder.assetcatalog; path = "Preview Assets.xcassets"; sourceTree = "<group>"; };
		1DC258142CC07DCF0002DDE3 /* SavelyTests.xctest */ = {isa = PBXFileReference; explicitFileType = wrapper.cfbundle; includeInIndex = 0; path = SavelyTests.xctest; sourceTree = BUILT_PRODUCTS_DIR; };
		1DC258182CC07DCF0002DDE3 /* SavelyTests.swift */ = {isa = PBXFileReference; lastKnownFileType = sourcecode.swift; path = SavelyTests.swift; sourceTree = "<group>"; };
		1DC2581E2CC07DCF0002DDE3 /* SavelyUITests.xctest */ = {isa = PBXFileReference; explicitFileType = wrapper.cfbundle; includeInIndex = 0; path = SavelyUITests.xctest; sourceTree = BUILT_PRODUCTS_DIR; };
		1DC258222CC07DCF0002DDE3 /* SavelyUITests.swift */ = {isa = PBXFileReference; lastKnownFileType = sourcecode.swift; path = SavelyUITests.swift; sourceTree = "<group>"; };
		1DC258242CC07DCF0002DDE3 /* SavelyUITestsLaunchTests.swift */ = {isa = PBXFileReference; lastKnownFileType = sourcecode.swift; path = SavelyUITestsLaunchTests.swift; sourceTree = "<group>"; };
		1DC258312CC07DF40002DDE3 /* DashboardView.swift */ = {isa = PBXFileReference; lastKnownFileType = sourcecode.swift; path = DashboardView.swift; sourceTree = "<group>"; };
		1DC258332CC07E460002DDE3 /* GoalsView.swift */ = {isa = PBXFileReference; lastKnownFileType = sourcecode.swift; path = GoalsView.swift; sourceTree = "<group>"; };
		1DC258352CC07E850002DDE3 /* ExpenseTrackerView.swift */ = {isa = PBXFileReference; lastKnownFileType = sourcecode.swift; path = ExpenseTrackerView.swift; sourceTree = "<group>"; };
		1DC258372CC07FA00002DDE3 /* ReportsView.swift */ = {isa = PBXFileReference; lastKnownFileType = sourcecode.swift; path = ReportsView.swift; sourceTree = "<group>"; };
		1DC258392CC081A40002DDE3 /* TipsAndSuggestionsView.swift */ = {isa = PBXFileReference; lastKnownFileType = sourcecode.swift; path = TipsAndSuggestionsView.swift; sourceTree = "<group>"; };
		1DC2583B2CC081D90002DDE3 /* ProfileView.swift */ = {isa = PBXFileReference; lastKnownFileType = sourcecode.swift; path = ProfileView.swift; sourceTree = "<group>"; };
		1DC2583D2CC082450002DDE3 /* MainNavigationView.swift */ = {isa = PBXFileReference; lastKnownFileType = sourcecode.swift; path = MainNavigationView.swift; sourceTree = "<group>"; };
		1DC258422CC61D3A0002DDE3 /* CardView.swift */ = {isa = PBXFileReference; lastKnownFileType = sourcecode.swift; path = CardView.swift; sourceTree = "<group>"; };
		1DC258452CC628C70002DDE3 /* QuickActionButton.swift */ = {isa = PBXFileReference; lastKnownFileType = sourcecode.swift; path = QuickActionButton.swift; sourceTree = "<group>"; };
		1DC258482CC629210002DDE3 /* GoalModel.swift */ = {isa = PBXFileReference; lastKnownFileType = sourcecode.swift; path = GoalModel.swift; sourceTree = "<group>"; };
		1DC2584A2CC629540002DDE3 /* ExpenseModel.swift */ = {isa = PBXFileReference; lastKnownFileType = sourcecode.swift; path = ExpenseModel.swift; sourceTree = "<group>"; };
		1DC2584C2CC629890002DDE3 /* MonthlySavingModel.swift */ = {isa = PBXFileReference; lastKnownFileType = sourcecode.swift; path = MonthlySavingModel.swift; sourceTree = "<group>"; };
		1DC2584E2CC62A160002DDE3 /* TipModel.swift */ = {isa = PBXFileReference; lastKnownFileType = sourcecode.swift; path = TipModel.swift; sourceTree = "<group>"; };
		1DC258512CC62A5B0002DDE3 /* TabsView.swift */ = {isa = PBXFileReference; lastKnownFileType = sourcecode.swift; path = TabsView.swift; sourceTree = "<group>"; };
		1DC258532CC62B530002DDE3 /* TipsListView.swift */ = {isa = PBXFileReference; lastKnownFileType = sourcecode.swift; path = TipsListView.swift; sourceTree = "<group>"; };
		1DC258552CC62BAB0002DDE3 /* TipCardView.swift */ = {isa = PBXFileReference; lastKnownFileType = sourcecode.swift; path = TipCardView.swift; sourceTree = "<group>"; };
		1DE4B4CF2CE5F2D6006C8F65 /* OnboardingData.swift */ = {isa = PBXFileReference; lastKnownFileType = sourcecode.swift; path = OnboardingData.swift; sourceTree = "<group>"; };
		1DE4B4D12CE5F681006C8F65 /* AchievementsData.swift */ = {isa = PBXFileReference; lastKnownFileType = sourcecode.swift; path = AchievementsData.swift; sourceTree = "<group>"; };
		1DE4B4D32CE60032006C8F65 /* HybridTextField.swift */ = {isa = PBXFileReference; lastKnownFileType = sourcecode.swift; path = HybridTextField.swift; sourceTree = "<group>"; };
		1DE4B4D52CE7AF93006C8F65 /* CustomTextfield.swift */ = {isa = PBXFileReference; lastKnownFileType = sourcecode.swift; path = CustomTextfield.swift; sourceTree = "<group>"; };
		1DE4B4D72CE7B10E006C8F65 /* PrimaryButton.swift */ = {isa = PBXFileReference; lastKnownFileType = sourcecode.swift; path = PrimaryButton.swift; sourceTree = "<group>"; };
		1DE4B4D92CEBF60B006C8F65 /* AuthenticationManager.swift */ = {isa = PBXFileReference; lastKnownFileType = sourcecode.swift; path = AuthenticationManager.swift; sourceTree = "<group>"; };
		1DE4B4DB2CEBF812006C8F65 /* AuthDataResultModel.swift */ = {isa = PBXFileReference; lastKnownFileType = sourcecode.swift; path = AuthDataResultModel.swift; sourceTree = "<group>"; };
		1DE4B4DD2CEBF8AC006C8F65 /* AuthenticationManagerExtension.swift */ = {isa = PBXFileReference; lastKnownFileType = sourcecode.swift; path = AuthenticationManagerExtension.swift; sourceTree = "<group>"; };
		1DE4B4DF2CEBF909006C8F65 /* SignInWithAppleHelper.swift */ = {isa = PBXFileReference; lastKnownFileType = sourcecode.swift; path = SignInWithAppleHelper.swift; sourceTree = "<group>"; };
		1DE4B4E22CEBFAA5006C8F65 /* LoginViewModel.swift */ = {isa = PBXFileReference; lastKnownFileType = sourcecode.swift; path = LoginViewModel.swift; sourceTree = "<group>"; };
		1DE4B4E42CEBFAD4006C8F65 /* UserManager.swift */ = {isa = PBXFileReference; lastKnownFileType = sourcecode.swift; path = UserManager.swift; sourceTree = "<group>"; };
		1DE4B4E62CEBFAF8006C8F65 /* DBUserModel.swift */ = {isa = PBXFileReference; lastKnownFileType = sourcecode.swift; path = DBUserModel.swift; sourceTree = "<group>"; };
		1DE4B4E82CEC018E006C8F65 /* SignUpViewModel.swift */ = {isa = PBXFileReference; lastKnownFileType = sourcecode.swift; path = SignUpViewModel.swift; sourceTree = "<group>"; };
		1DE4B4EA2CEC037E006C8F65 /* Savely.entitlements */ = {isa = PBXFileReference; lastKnownFileType = text.plist.entitlements; path = Savely.entitlements; sourceTree = "<group>"; };
		1DE4B4EB2CEC4EE3006C8F65 /* AppViewModel.swift */ = {isa = PBXFileReference; lastKnownFileType = sourcecode.swift; path = AppViewModel.swift; sourceTree = "<group>"; };
		1DE4B4EE2CEC514B006C8F65 /* ProfileViewModel.swift */ = {isa = PBXFileReference; lastKnownFileType = sourcecode.swift; path = ProfileViewModel.swift; sourceTree = "<group>"; };
		1DE4B4F02CEC5174006C8F65 /* UserManagerExtension.swift */ = {isa = PBXFileReference; lastKnownFileType = sourcecode.swift; path = UserManagerExtension.swift; sourceTree = "<group>"; };
		1DE9FE0D2D063AF20069AA64 /* NotificationSettingsStepView.swift */ = {isa = PBXFileReference; lastKnownFileType = sourcecode.swift; path = NotificationSettingsStepView.swift; sourceTree = "<group>"; };
		1DE9FE0F2D063BC80069AA64 /* NotificationManager.swift */ = {isa = PBXFileReference; lastKnownFileType = sourcecode.swift; path = NotificationManager.swift; sourceTree = "<group>"; };
		82D33CE12CEC66D200BE005E /* TextRecognizer.swift */ = {isa = PBXFileReference; lastKnownFileType = sourcecode.swift; path = TextRecognizer.swift; sourceTree = "<group>"; };
		82D33CE32CEC66F200BE005E /* TotalConfirmationView.swift */ = {isa = PBXFileReference; lastKnownFileType = sourcecode.swift; path = TotalConfirmationView.swift; sourceTree = "<group>"; };
/* End PBXFileReference section */

/* Begin PBXFrameworksBuildPhase section */
		1DC258012CC07DCC0002DDE3 /* Frameworks */ = {
			isa = PBXFrameworksBuildPhase;
			buildActionMask = 2147483647;
			files = (
				1DE4B4CA2CE5DC36006C8F65 /* FirebaseAuth in Frameworks */,
				1DE4B4CC2CE5DC3B006C8F65 /* FirebaseFirestore in Frameworks */,
				1DAF5D0F2CEDAAAD001C0AF3 /* IQKeyboardManagerSwift in Frameworks */,
				1DAF5D2B2CEEA943001C0AF3 /* MarkdownUI in Frameworks */,
			);
			runOnlyForDeploymentPostprocessing = 0;
		};
		1DC258112CC07DCF0002DDE3 /* Frameworks */ = {
			isa = PBXFrameworksBuildPhase;
			buildActionMask = 2147483647;
			files = (
			);
			runOnlyForDeploymentPostprocessing = 0;
		};
		1DC2581B2CC07DCF0002DDE3 /* Frameworks */ = {
			isa = PBXFrameworksBuildPhase;
			buildActionMask = 2147483647;
			files = (
			);
			runOnlyForDeploymentPostprocessing = 0;
		};
/* End PBXFrameworksBuildPhase section */

/* Begin PBXGroup section */
		1D3669842CC62EDD00E84FF9 /* ViewModels */ = {
			isa = PBXGroup;
			children = (
				1DAF5D1C2CEE9680001C0AF3 /* Tips */,
				1DAF5D192CEDC103001C0AF3 /* GoalsTab */,
				1DAF5D142CEDB690001C0AF3 /* Camera */,
				1DAF5D112CEDB40F001C0AF3 /* ExpensesTab */,
				1DAF5D0A2CEDA6AF001C0AF3 /* IncomesTab */,
				1DAF5D052CED97DB001C0AF3 /* DashboardTab */,
				1DE4B4ED2CEC5138006C8F65 /* ProfileTab */,
				1DE4B4E12CEBFA99006C8F65 /* Auth */,
				1DE4B4EB2CEC4EE3006C8F65 /* AppViewModel.swift */,
			);
			path = ViewModels;
			sourceTree = "<group>";
		};
		1D3669852CC62F6900E84FF9 /* Resources */ = {
			isa = PBXGroup;
			children = (
				1D3669862CC62F8200E84FF9 /* Strings.swift */,
				1D3669882CC62F9100E84FF9 /* UIConstants.swift */,
				1D36698A2CC62FD700E84FF9 /* Localizable.xcstrings */,
			);
			path = Resources;
			sourceTree = "<group>";
		};
		1D88B7CA2CC6EA38009B6538 /* Managers */ = {
			isa = PBXGroup;
			children = (
				1DE9FE0F2D063BC80069AA64 /* NotificationManager.swift */,
				1D88B7CB2CC6EA47009B6538 /* CameraManager.swift */,
				1DE4B4D92CEBF60B006C8F65 /* AuthenticationManager.swift */,
				1DE4B4E42CEBFAD4006C8F65 /* UserManager.swift */,
			);
			path = Managers;
			sourceTree = "<group>";
		};
		1D88B7CD2CC6EB3A009B6538 /* Extensions */ = {
			isa = PBXGroup;
			children = (
				1D88B7CE2CC6EB62009B6538 /* CameraManagerExtension.swift */,
				1DE4B4DD2CEBF8AC006C8F65 /* AuthenticationManagerExtension.swift */,
				1DE4B4F02CEC5174006C8F65 /* UserManagerExtension.swift */,
			);
			path = Extensions;
			sourceTree = "<group>";
		};
		1D88B7D62CC9FA28009B6538 /* Utilities */ = {
			isa = PBXGroup;
			children = (
				82D33CE12CEC66D200BE005E /* TextRecognizer.swift */,
				1D88B7D72CC9FA34009B6538 /* OCRUtilities.swift */,
				1DE4B4CF2CE5F2D6006C8F65 /* OnboardingData.swift */,
				1DE4B4D12CE5F681006C8F65 /* AchievementsData.swift */,
				1DE4B4DF2CEBF909006C8F65 /* SignInWithAppleHelper.swift */,
				1DAF5D252CEE9C13001C0AF3 /* OpenAIClient.swift */,
				1DAF5D322CEEE7AA001C0AF3 /* Notifications.swift */,
			);
			path = Utilities;
			sourceTree = "<group>";
		};
		1DAF5D012CED9475001C0AF3 /* Buttons */ = {
			isa = PBXGroup;
			children = (
				1DE4B4D72CE7B10E006C8F65 /* PrimaryButton.swift */,
				1DC258452CC628C70002DDE3 /* QuickActionButton.swift */,
			);
			path = Buttons;
			sourceTree = "<group>";
		};
		1DAF5D022CED9481001C0AF3 /* CameraScanner */ = {
			isa = PBXGroup;
			children = (
				82D33CE32CEC66F200BE005E /* TotalConfirmationView.swift */,
				1D88B7D22CC9F70C009B6538 /* CameraPreview.swift */,
				1D88B7D02CC6EBB4009B6538 /* CameraView.swift */,
			);
			path = CameraScanner;
			sourceTree = "<group>";
		};
		1DAF5D032CED94DD001C0AF3 /* TextFields */ = {
			isa = PBXGroup;
			children = (
				1DE4B4D52CE7AF93006C8F65 /* CustomTextfield.swift */,
				1DE4B4D32CE60032006C8F65 /* HybridTextField.swift */,
			);
			path = TextFields;
			sourceTree = "<group>";
		};
		1DAF5D042CED94F1001C0AF3 /* Tips */ = {
			isa = PBXGroup;
			children = (
				1DC258552CC62BAB0002DDE3 /* TipCardView.swift */,
				1DC258532CC62B530002DDE3 /* TipsListView.swift */,
			);
			path = Tips;
			sourceTree = "<group>";
		};
		1DAF5D052CED97DB001C0AF3 /* DashboardTab */ = {
			isa = PBXGroup;
			children = (
				1DAF5D062CED97EE001C0AF3 /* DashboardViewModel.swift */,
			);
			path = DashboardTab;
			sourceTree = "<group>";
		};
		1DAF5D0A2CEDA6AF001C0AF3 /* IncomesTab */ = {
			isa = PBXGroup;
			children = (
				1DAF5D0B2CEDA6C0001C0AF3 /* IncomesTrackerViewModel.swift */,
			);
			path = IncomesTab;
			sourceTree = "<group>";
		};
		1DAF5D102CEDAAFB001C0AF3 /* Frameworks */ = {
			isa = PBXGroup;
			children = (
			);
			name = Frameworks;
			sourceTree = "<group>";
		};
		1DAF5D112CEDB40F001C0AF3 /* ExpensesTab */ = {
			isa = PBXGroup;
			children = (
				1DAF5D122CEDB421001C0AF3 /* ExpensesTrackerViewModel.swift */,
			);
			path = ExpensesTab;
			sourceTree = "<group>";
		};
		1DAF5D142CEDB690001C0AF3 /* Camera */ = {
			isa = PBXGroup;
			children = (
				1DAF5D152CEDB69B001C0AF3 /* CameraViewModel.swift */,
			);
			path = Camera;
			sourceTree = "<group>";
		};
		1DAF5D192CEDC103001C0AF3 /* GoalsTab */ = {
			isa = PBXGroup;
			children = (
				1DAF5D1A2CEDC118001C0AF3 /* GoalsViewModel.swift */,
			);
			path = GoalsTab;
			sourceTree = "<group>";
		};
		1DAF5D1C2CEE9680001C0AF3 /* Tips */ = {
			isa = PBXGroup;
			children = (
				1DAF5D1D2CEE9695001C0AF3 /* TipsAndSuggestionViewModel.swift */,
			);
			path = Tips;
			sourceTree = "<group>";
		};
		1DC013F92CDB571F009A46E1 /* Todo */ = {
			isa = PBXGroup;
			children = (
				1DC258372CC07FA00002DDE3 /* ReportsView.swift */,
			);
			path = Todo;
			sourceTree = "<group>";
		};
		1DC014002CDE00C4009A46E1 /* DashboardTab */ = {
			isa = PBXGroup;
			children = (
				1DC258392CC081A40002DDE3 /* TipsAndSuggestionsView.swift */,
				1DC258312CC07DF40002DDE3 /* DashboardView.swift */,
				1DAF5D2C2CEEDE02001C0AF3 /* AddGoalView.swift */,
				1DAF5D2E2CEEE700001C0AF3 /* AddIncomeView.swift */,
				1DAF5D302CEEE743001C0AF3 /* AddExpenseView.swift */,
			);
			path = DashboardTab;
			sourceTree = "<group>";
		};
		1DC014012CDE00DB009A46E1 /* GoalsTab */ = {
			isa = PBXGroup;
			children = (
				1DC258332CC07E460002DDE3 /* GoalsView.swift */,
			);
			path = GoalsTab;
			sourceTree = "<group>";
		};
		1DC014022CDE00EA009A46E1 /* ExpensesTab */ = {
			isa = PBXGroup;
			children = (
				1DC258352CC07E850002DDE3 /* ExpenseTrackerView.swift */,
			);
			path = ExpensesTab;
			sourceTree = "<group>";
		};
		1DC014032CDE00F1009A46E1 /* IncomesTab */ = {
			isa = PBXGroup;
			children = (
				1DC013FA2CDB575F009A46E1 /* IncomesTrackerView.swift */,
			);
			path = IncomesTab;
			sourceTree = "<group>";
		};
		1DC014042CDE00F7009A46E1 /* ProfileTab */ = {
			isa = PBXGroup;
			children = (
				1DC013FC2CDDFA15009A46E1 /* AchievementsView.swift */,
				1DAF5D1F2CEE9767001C0AF3 /* TipHistoryView.swift */,
				1DC2583B2CC081D90002DDE3 /* ProfileView.swift */,
			);
			path = ProfileTab;
			sourceTree = "<group>";
		};
		1DC014062CE5AE6E009A46E1 /* Auth */ = {
			isa = PBXGroup;
			children = (
				1DC014072CE5AE80009A46E1 /* LoginView.swift */,
				1DC014092CE5AEBF009A46E1 /* SignUpView.swift */,
			);
			path = Auth;
			sourceTree = "<group>";
		};
		1DC0140B2CE5AF4A009A46E1 /* Onboarding */ = {
			isa = PBXGroup;
			children = (
				1DE9FE0D2D063AF20069AA64 /* NotificationSettingsStepView.swift */,
				1DC0140C2CE5AF59009A46E1 /* OnboardingView.swift */,
				1DC0140E2CE5AF81009A46E1 /* OnboardingStepView.swift */,
			);
			path = Onboarding;
			sourceTree = "<group>";
		};
		1DC257FB2CC07DCC0002DDE3 = {
			isa = PBXGroup;
			children = (
				1DC258062CC07DCC0002DDE3 /* Savely */,
				1DC258172CC07DCF0002DDE3 /* SavelyTests */,
				1DC258212CC07DCF0002DDE3 /* SavelyUITests */,
				1DC258052CC07DCC0002DDE3 /* Products */,
				1DAF5D102CEDAAFB001C0AF3 /* Frameworks */,
			);
			sourceTree = "<group>";
		};
		1DC258052CC07DCC0002DDE3 /* Products */ = {
			isa = PBXGroup;
			children = (
				1DC258042CC07DCC0002DDE3 /* Savely.app */,
				1DC258142CC07DCF0002DDE3 /* SavelyTests.xctest */,
				1DC2581E2CC07DCF0002DDE3 /* SavelyUITests.xctest */,
			);
			name = Products;
			sourceTree = "<group>";
		};
		1DC258062CC07DCC0002DDE3 /* Savely */ = {
			isa = PBXGroup;
			children = (
				1DE4B4EA2CEC037E006C8F65 /* Savely.entitlements */,
				1DC014142CE5B674009A46E1 /* GoogleService-Info.plist */,
				1D88B7D62CC9FA28009B6538 /* Utilities */,
				1D88B7CD2CC6EB3A009B6538 /* Extensions */,
				1D88B7CA2CC6EA38009B6538 /* Managers */,
				1D3669852CC62F6900E84FF9 /* Resources */,
				1DC258472CC629120002DDE3 /* Models */,
				1DC2583F2CC61D1E0002DDE3 /* Views */,
				1D3669842CC62EDD00E84FF9 /* ViewModels */,
				1DC258072CC07DCC0002DDE3 /* SavelyApp.swift */,
				1DC2580B2CC07DCF0002DDE3 /* Assets.xcassets */,
				1DC2580D2CC07DCF0002DDE3 /* Preview Content */,
				1DAF5D212CEE9989001C0AF3 /* Info.plist */,
				1DAF5D232CEE9AF4001C0AF3 /* Config.plist */,
			);
			path = Savely;
			sourceTree = "<group>";
		};
		1DC2580D2CC07DCF0002DDE3 /* Preview Content */ = {
			isa = PBXGroup;
			children = (
				1DC2580E2CC07DCF0002DDE3 /* Preview Assets.xcassets */,
			);
			path = "Preview Content";
			sourceTree = "<group>";
		};
		1DC258172CC07DCF0002DDE3 /* SavelyTests */ = {
			isa = PBXGroup;
			children = (
				1DC258182CC07DCF0002DDE3 /* SavelyTests.swift */,
			);
			path = SavelyTests;
			sourceTree = "<group>";
		};
		1DC258212CC07DCF0002DDE3 /* SavelyUITests */ = {
			isa = PBXGroup;
			children = (
				1DC258222CC07DCF0002DDE3 /* SavelyUITests.swift */,
				1DC258242CC07DCF0002DDE3 /* SavelyUITestsLaunchTests.swift */,
			);
			path = SavelyUITests;
			sourceTree = "<group>";
		};
		1DC2583F2CC61D1E0002DDE3 /* Views */ = {
			isa = PBXGroup;
			children = (
				1DC258402CC61D250002DDE3 /* Components */,
				1DC0140B2CE5AF4A009A46E1 /* Onboarding */,
				1DC014062CE5AE6E009A46E1 /* Auth */,
				1DC014042CDE00F7009A46E1 /* ProfileTab */,
				1DC014032CDE00F1009A46E1 /* IncomesTab */,
				1DC014022CDE00EA009A46E1 /* ExpensesTab */,
				1DC014012CDE00DB009A46E1 /* GoalsTab */,
				1DC014002CDE00C4009A46E1 /* DashboardTab */,
				1DC013F92CDB571F009A46E1 /* Todo */,
				1DC2583D2CC082450002DDE3 /* MainNavigationView.swift */,
				1D36698C2CC6CB4000E84FF9 /* SplashScreenView.swift */,
				1DC014122CE5B0C5009A46E1 /* ContentView.swift */,
			);
			path = Views;
			sourceTree = "<group>";
		};
		1DC258402CC61D250002DDE3 /* Components */ = {
			isa = PBXGroup;
			children = (
				1DAF5D042CED94F1001C0AF3 /* Tips */,
				1DAF5D032CED94DD001C0AF3 /* TextFields */,
				1DAF5D022CED9481001C0AF3 /* CameraScanner */,
				1DAF5D012CED9475001C0AF3 /* Buttons */,
				1DC258422CC61D3A0002DDE3 /* CardView.swift */,
				1DC258512CC62A5B0002DDE3 /* TabsView.swift */,
			);
			path = Components;
			sourceTree = "<group>";
		};
		1DC258472CC629120002DDE3 /* Models */ = {
			isa = PBXGroup;
			children = (
				1DC258482CC629210002DDE3 /* GoalModel.swift */,
				1DC2584A2CC629540002DDE3 /* ExpenseModel.swift */,
				1DC2584C2CC629890002DDE3 /* MonthlySavingModel.swift */,
				1DC2584E2CC62A160002DDE3 /* TipModel.swift */,
				1DC013FE2CDDFA46009A46E1 /* AchievementModel.swift */,
				1DC014102CE5AFAD009A46E1 /* OnboardingStepModel.swift */,
				1DE4B4DB2CEBF812006C8F65 /* AuthDataResultModel.swift */,
				1DE4B4E62CEBFAF8006C8F65 /* DBUserModel.swift */,
				1DAF5D082CED9CA3001C0AF3 /* IncomeModel.swift */,
				1DAF5D272CEE9DCF001C0AF3 /* OpenAIModels.swift */,
			);
			path = Models;
			sourceTree = "<group>";
		};
		1DE4B4E12CEBFA99006C8F65 /* Auth */ = {
			isa = PBXGroup;
			children = (
				1DE4B4E22CEBFAA5006C8F65 /* LoginViewModel.swift */,
				1DE4B4E82CEC018E006C8F65 /* SignUpViewModel.swift */,
			);
			path = Auth;
			sourceTree = "<group>";
		};
		1DE4B4ED2CEC5138006C8F65 /* ProfileTab */ = {
			isa = PBXGroup;
			children = (
				1DE4B4EE2CEC514B006C8F65 /* ProfileViewModel.swift */,
			);
			path = ProfileTab;
			sourceTree = "<group>";
		};
/* End PBXGroup section */

/* Begin PBXNativeTarget section */
		1DC258032CC07DCC0002DDE3 /* Savely */ = {
			isa = PBXNativeTarget;
			buildConfigurationList = 1DC258282CC07DCF0002DDE3 /* Build configuration list for PBXNativeTarget "Savely" */;
			buildPhases = (
				1DC258002CC07DCC0002DDE3 /* Sources */,
				1DC258012CC07DCC0002DDE3 /* Frameworks */,
				1DC258022CC07DCC0002DDE3 /* Resources */,
			);
			buildRules = (
			);
			dependencies = (
			);
			name = Savely;
			packageProductDependencies = (
				1DE4B4C92CE5DC36006C8F65 /* FirebaseAuth */,
				1DE4B4CB2CE5DC3B006C8F65 /* FirebaseFirestore */,
				1DAF5D0E2CEDAAAD001C0AF3 /* IQKeyboardManagerSwift */,
				1DAF5D2A2CEEA943001C0AF3 /* MarkdownUI */,
			);
			productName = Savely;
			productReference = 1DC258042CC07DCC0002DDE3 /* Savely.app */;
			productType = "com.apple.product-type.application";
		};
		1DC258132CC07DCF0002DDE3 /* SavelyTests */ = {
			isa = PBXNativeTarget;
			buildConfigurationList = 1DC2582B2CC07DCF0002DDE3 /* Build configuration list for PBXNativeTarget "SavelyTests" */;
			buildPhases = (
				1DC258102CC07DCF0002DDE3 /* Sources */,
				1DC258112CC07DCF0002DDE3 /* Frameworks */,
				1DC258122CC07DCF0002DDE3 /* Resources */,
			);
			buildRules = (
			);
			dependencies = (
				1DC258162CC07DCF0002DDE3 /* PBXTargetDependency */,
			);
			name = SavelyTests;
			productName = SavelyTests;
			productReference = 1DC258142CC07DCF0002DDE3 /* SavelyTests.xctest */;
			productType = "com.apple.product-type.bundle.unit-test";
		};
		1DC2581D2CC07DCF0002DDE3 /* SavelyUITests */ = {
			isa = PBXNativeTarget;
			buildConfigurationList = 1DC2582E2CC07DCF0002DDE3 /* Build configuration list for PBXNativeTarget "SavelyUITests" */;
			buildPhases = (
				1DC2581A2CC07DCF0002DDE3 /* Sources */,
				1DC2581B2CC07DCF0002DDE3 /* Frameworks */,
				1DC2581C2CC07DCF0002DDE3 /* Resources */,
			);
			buildRules = (
			);
			dependencies = (
				1DC258202CC07DCF0002DDE3 /* PBXTargetDependency */,
			);
			name = SavelyUITests;
			productName = SavelyUITests;
			productReference = 1DC2581E2CC07DCF0002DDE3 /* SavelyUITests.xctest */;
			productType = "com.apple.product-type.bundle.ui-testing";
		};
/* End PBXNativeTarget section */

/* Begin PBXProject section */
		1DC257FC2CC07DCC0002DDE3 /* Project object */ = {
			isa = PBXProject;
			attributes = {
				BuildIndependentTargetsInParallel = 1;
				LastSwiftUpdateCheck = 1540;
				LastUpgradeCheck = 1540;
				TargetAttributes = {
					1DC258032CC07DCC0002DDE3 = {
						CreatedOnToolsVersion = 15.4;
					};
					1DC258132CC07DCF0002DDE3 = {
						CreatedOnToolsVersion = 15.4;
						TestTargetID = 1DC258032CC07DCC0002DDE3;
					};
					1DC2581D2CC07DCF0002DDE3 = {
						CreatedOnToolsVersion = 15.4;
						TestTargetID = 1DC258032CC07DCC0002DDE3;
					};
				};
			};
			buildConfigurationList = 1DC257FF2CC07DCC0002DDE3 /* Build configuration list for PBXProject "Savely" */;
			compatibilityVersion = "Xcode 14.0";
			developmentRegion = en;
			hasScannedForEncodings = 0;
			knownRegions = (
				en,
				Base,
				"es-419",
			);
			mainGroup = 1DC257FB2CC07DCC0002DDE3;
			packageReferences = (
				1DE4B4C42CE5D63E006C8F65 /* XCRemoteSwiftPackageReference "firebase-ios-sdk" */,
				1DAF5D0D2CEDAA59001C0AF3 /* XCRemoteSwiftPackageReference "IQKeyboardManager" */,
				1DAF5D292CEEA943001C0AF3 /* XCRemoteSwiftPackageReference "MarkdownUI" */,
			);
			productRefGroup = 1DC258052CC07DCC0002DDE3 /* Products */;
			projectDirPath = "";
			projectRoot = "";
			targets = (
				1DC258032CC07DCC0002DDE3 /* Savely */,
				1DC258132CC07DCF0002DDE3 /* SavelyTests */,
				1DC2581D2CC07DCF0002DDE3 /* SavelyUITests */,
			);
		};
/* End PBXProject section */

/* Begin PBXResourcesBuildPhase section */
		1DC258022CC07DCC0002DDE3 /* Resources */ = {
			isa = PBXResourcesBuildPhase;
			buildActionMask = 2147483647;
			files = (
				1DC2580F2CC07DCF0002DDE3 /* Preview Assets.xcassets in Resources */,
				1DC2580C2CC07DCF0002DDE3 /* Assets.xcassets in Resources */,
				1DC014152CE5B674009A46E1 /* GoogleService-Info.plist in Resources */,
				1DAF5D242CEE9AF4001C0AF3 /* Config.plist in Resources */,
				1D36698B2CC62FD700E84FF9 /* Localizable.xcstrings in Resources */,
			);
			runOnlyForDeploymentPostprocessing = 0;
		};
		1DC258122CC07DCF0002DDE3 /* Resources */ = {
			isa = PBXResourcesBuildPhase;
			buildActionMask = 2147483647;
			files = (
			);
			runOnlyForDeploymentPostprocessing = 0;
		};
		1DC2581C2CC07DCF0002DDE3 /* Resources */ = {
			isa = PBXResourcesBuildPhase;
			buildActionMask = 2147483647;
			files = (
			);
			runOnlyForDeploymentPostprocessing = 0;
		};
/* End PBXResourcesBuildPhase section */

/* Begin PBXSourcesBuildPhase section */
		1DC258002CC07DCC0002DDE3 /* Sources */ = {
			isa = PBXSourcesBuildPhase;
			buildActionMask = 2147483647;
			files = (
				1DC2584B2CC629540002DDE3 /* ExpenseModel.swift in Sources */,
				1D88B7CC2CC6EA47009B6538 /* CameraManager.swift in Sources */,
				1DC014052CDE09E6009A46E1 /* AchievementsView.swift in Sources */,
				1DC2583C2CC081D90002DDE3 /* ProfileView.swift in Sources */,
				1DE4B4DA2CEBF60B006C8F65 /* AuthenticationManager.swift in Sources */,
				1DE4B4E32CEBFAA5006C8F65 /* LoginViewModel.swift in Sources */,
				1DAF5D1E2CEE9695001C0AF3 /* TipsAndSuggestionViewModel.swift in Sources */,
				1DC2583E2CC082450002DDE3 /* MainNavigationView.swift in Sources */,
				1DC2584F2CC62A160002DDE3 /* TipModel.swift in Sources */,
				1DC258572CC62DF20002DDE3 /* ExpenseTrackerView.swift in Sources */,
				1DC258542CC62B530002DDE3 /* TipsListView.swift in Sources */,
				1DC2583A2CC081A40002DDE3 /* TipsAndSuggestionsView.swift in Sources */,
				1DAF5D2D2CEEDE02001C0AF3 /* AddGoalView.swift in Sources */,
				1DE4B4D22CE5F681006C8F65 /* AchievementsData.swift in Sources */,
				1DE4B4D62CE7AF93006C8F65 /* CustomTextfield.swift in Sources */,
				1DE4B4EF2CEC514B006C8F65 /* ProfileViewModel.swift in Sources */,
				1D36698D2CC6CB4100E84FF9 /* SplashScreenView.swift in Sources */,
				82D33CE22CEC66D200BE005E /* TextRecognizer.swift in Sources */,
				1DE9FE102D063BC80069AA64 /* NotificationManager.swift in Sources */,
				1D88B7D32CC9F70C009B6538 /* CameraPreview.swift in Sources */,
				1DE4B4EC2CEC4EE3006C8F65 /* AppViewModel.swift in Sources */,
				1DC258432CC61D3A0002DDE3 /* CardView.swift in Sources */,
				1DE4B4DE2CEBF8AC006C8F65 /* AuthenticationManagerExtension.swift in Sources */,
				1DAF5D162CEDB69B001C0AF3 /* CameraViewModel.swift in Sources */,
				1DC0140D2CE5AF59009A46E1 /* OnboardingView.swift in Sources */,
				1DAF5D332CEEE7AA001C0AF3 /* Notifications.swift in Sources */,
				1DAF5D072CED97EE001C0AF3 /* DashboardViewModel.swift in Sources */,
				1DC258322CC07DF40002DDE3 /* DashboardView.swift in Sources */,
				1DC258492CC629210002DDE3 /* GoalModel.swift in Sources */,
				1DAF5D092CED9CA3001C0AF3 /* IncomeModel.swift in Sources */,
				1DE4B4E02CEBF909006C8F65 /* SignInWithAppleHelper.swift in Sources */,
				1DC014132CE5B0C5009A46E1 /* ContentView.swift in Sources */,
				1DE4B4D42CE60032006C8F65 /* HybridTextField.swift in Sources */,
				1DC013FB2CDB575F009A46E1 /* IncomesTrackerView.swift in Sources */,
				1DC0140A2CE5AEBF009A46E1 /* SignUpView.swift in Sources */,
				1DE4B4D82CE7B10E006C8F65 /* PrimaryButton.swift in Sources */,
				1D3669872CC62F8200E84FF9 /* Strings.swift in Sources */,
				1DC258522CC62A5B0002DDE3 /* TabsView.swift in Sources */,
				1DC014082CE5AE80009A46E1 /* LoginView.swift in Sources */,
				1DE4B4E52CEBFAD4006C8F65 /* UserManager.swift in Sources */,
				1DE9FE0E2D063AF20069AA64 /* NotificationSettingsStepView.swift in Sources */,
				1D88B7CF2CC6EB62009B6538 /* CameraManagerExtension.swift in Sources */,
				1DAF5D132CEDB421001C0AF3 /* ExpensesTrackerViewModel.swift in Sources */,
				1DAF5D282CEE9DCF001C0AF3 /* OpenAIModels.swift in Sources */,
				1DE4B4E72CEBFAF8006C8F65 /* DBUserModel.swift in Sources */,
				1DC258082CC07DCC0002DDE3 /* SavelyApp.swift in Sources */,
				1DAF5D202CEE9767001C0AF3 /* TipHistoryView.swift in Sources */,
				1DE4B4F12CEC5174006C8F65 /* UserManagerExtension.swift in Sources */,
				1DAF5D2F2CEEE700001C0AF3 /* AddIncomeView.swift in Sources */,
				1DE4B4E92CEC018E006C8F65 /* SignUpViewModel.swift in Sources */,
				1DC013FF2CDDFA46009A46E1 /* AchievementModel.swift in Sources */,
				82D33CE42CEC66F200BE005E /* TotalConfirmationView.swift in Sources */,
				1DE4B4DC2CEBF812006C8F65 /* AuthDataResultModel.swift in Sources */,
				1D3669892CC62F9100E84FF9 /* UIConstants.swift in Sources */,
				1DAF5D0C2CEDA6C0001C0AF3 /* IncomesTrackerViewModel.swift in Sources */,
				1DAF5D312CEEE743001C0AF3 /* AddExpenseView.swift in Sources */,
				1DC258562CC62BAB0002DDE3 /* TipCardView.swift in Sources */,
				1D88B7D12CC6EBB4009B6538 /* CameraView.swift in Sources */,
				1DAF5D1B2CEDC118001C0AF3 /* GoalsViewModel.swift in Sources */,
				1DC014112CE5AFAE009A46E1 /* OnboardingStepModel.swift in Sources */,
				1D88B7D82CC9FA34009B6538 /* OCRUtilities.swift in Sources */,
				1DC0140F2CE5AF81009A46E1 /* OnboardingStepView.swift in Sources */,
				1DAF5D262CEE9C13001C0AF3 /* OpenAIClient.swift in Sources */,
				1DC2584D2CC629890002DDE3 /* MonthlySavingModel.swift in Sources */,
				1DC258462CC628C70002DDE3 /* QuickActionButton.swift in Sources */,
				1DC258382CC07FA00002DDE3 /* ReportsView.swift in Sources */,
				1DC258342CC07E460002DDE3 /* GoalsView.swift in Sources */,
				1DE4B4D02CE5F2D6006C8F65 /* OnboardingData.swift in Sources */,
			);
			runOnlyForDeploymentPostprocessing = 0;
		};
		1DC258102CC07DCF0002DDE3 /* Sources */ = {
			isa = PBXSourcesBuildPhase;
			buildActionMask = 2147483647;
			files = (
				1DC258192CC07DCF0002DDE3 /* SavelyTests.swift in Sources */,
			);
			runOnlyForDeploymentPostprocessing = 0;
		};
		1DC2581A2CC07DCF0002DDE3 /* Sources */ = {
			isa = PBXSourcesBuildPhase;
			buildActionMask = 2147483647;
			files = (
				1DC258252CC07DCF0002DDE3 /* SavelyUITestsLaunchTests.swift in Sources */,
				1DC258232CC07DCF0002DDE3 /* SavelyUITests.swift in Sources */,
			);
			runOnlyForDeploymentPostprocessing = 0;
		};
/* End PBXSourcesBuildPhase section */

/* Begin PBXTargetDependency section */
		1DC258162CC07DCF0002DDE3 /* PBXTargetDependency */ = {
			isa = PBXTargetDependency;
			target = 1DC258032CC07DCC0002DDE3 /* Savely */;
			targetProxy = 1DC258152CC07DCF0002DDE3 /* PBXContainerItemProxy */;
		};
		1DC258202CC07DCF0002DDE3 /* PBXTargetDependency */ = {
			isa = PBXTargetDependency;
			target = 1DC258032CC07DCC0002DDE3 /* Savely */;
			targetProxy = 1DC2581F2CC07DCF0002DDE3 /* PBXContainerItemProxy */;
		};
/* End PBXTargetDependency section */

/* Begin XCBuildConfiguration section */
		1DC258262CC07DCF0002DDE3 /* Debug */ = {
			isa = XCBuildConfiguration;
			buildSettings = {
				ALLOW_TARGET_PLATFORM_SPECIALIZATION = YES;
				ALWAYS_SEARCH_USER_PATHS = NO;
				ARCHS = (
					"$(ARCHS_STANDARD)",
					arm64,
					x86_64,
				);
				ASSETCATALOG_COMPILER_GENERATE_SWIFT_ASSET_SYMBOL_EXTENSIONS = YES;
				CLANG_ANALYZER_NONNULL = YES;
				CLANG_ANALYZER_NUMBER_OBJECT_CONVERSION = YES_AGGRESSIVE;
				CLANG_CXX_LANGUAGE_STANDARD = "gnu++20";
				CLANG_ENABLE_MODULES = YES;
				CLANG_ENABLE_OBJC_ARC = YES;
				CLANG_ENABLE_OBJC_WEAK = YES;
				CLANG_WARN_BLOCK_CAPTURE_AUTORELEASING = YES;
				CLANG_WARN_BOOL_CONVERSION = YES;
				CLANG_WARN_COMMA = YES;
				CLANG_WARN_CONSTANT_CONVERSION = YES;
				CLANG_WARN_DEPRECATED_OBJC_IMPLEMENTATIONS = YES;
				CLANG_WARN_DIRECT_OBJC_ISA_USAGE = YES_ERROR;
				CLANG_WARN_DOCUMENTATION_COMMENTS = YES;
				CLANG_WARN_EMPTY_BODY = YES;
				CLANG_WARN_ENUM_CONVERSION = YES;
				CLANG_WARN_INFINITE_RECURSION = YES;
				CLANG_WARN_INT_CONVERSION = YES;
				CLANG_WARN_NON_LITERAL_NULL_CONVERSION = YES;
				CLANG_WARN_OBJC_IMPLICIT_RETAIN_SELF = YES;
				CLANG_WARN_OBJC_LITERAL_CONVERSION = YES;
				CLANG_WARN_OBJC_ROOT_CLASS = YES_ERROR;
				CLANG_WARN_QUOTED_INCLUDE_IN_FRAMEWORK_HEADER = YES;
				CLANG_WARN_RANGE_LOOP_ANALYSIS = YES;
				CLANG_WARN_STRICT_PROTOTYPES = YES;
				CLANG_WARN_SUSPICIOUS_MOVE = YES;
				CLANG_WARN_UNGUARDED_AVAILABILITY = YES_AGGRESSIVE;
				CLANG_WARN_UNREACHABLE_CODE = YES;
				CLANG_WARN__DUPLICATE_METHOD_MATCH = YES;
				COPY_PHASE_STRIP = NO;
				DEBUG_INFORMATION_FORMAT = dwarf;
				ENABLE_STRICT_OBJC_MSGSEND = YES;
				ENABLE_TESTABILITY = YES;
				ENABLE_USER_SCRIPT_SANDBOXING = NO;
				"EXCLUDED_ARCHS[sdk=iphonesimulator*]" = "";
				GCC_C_LANGUAGE_STANDARD = gnu17;
				GCC_DYNAMIC_NO_PIC = NO;
				GCC_NO_COMMON_BLOCKS = YES;
				GCC_OPTIMIZATION_LEVEL = 0;
				GCC_PREPROCESSOR_DEFINITIONS = (
					"DEBUG=1",
					"$(inherited)",
				);
				GCC_WARN_64_TO_32_BIT_CONVERSION = YES;
				GCC_WARN_ABOUT_RETURN_TYPE = YES_ERROR;
				GCC_WARN_UNDECLARED_SELECTOR = YES;
				GCC_WARN_UNINITIALIZED_AUTOS = YES_AGGRESSIVE;
				GCC_WARN_UNUSED_FUNCTION = YES;
				GCC_WARN_UNUSED_VARIABLE = YES;
				IPHONEOS_DEPLOYMENT_TARGET = 17.0;
				LOCALIZATION_PREFERS_STRING_CATALOGS = YES;
				MTL_ENABLE_DEBUG_INFO = INCLUDE_SOURCE;
				MTL_FAST_MATH = YES;
				ONLY_ACTIVE_ARCH = YES;
				SDKROOT = iphoneos;
				SUPPORTED_PLATFORMS = "iphonesimulator iphoneos";
				SUPPORTS_MACCATALYST = YES;
				SWIFT_ACTIVE_COMPILATION_CONDITIONS = "DEBUG $(inherited)";
				SWIFT_OPTIMIZATION_LEVEL = "-Onone";
			};
			name = Debug;
		};
		1DC258272CC07DCF0002DDE3 /* Release */ = {
			isa = XCBuildConfiguration;
			buildSettings = {
				ALLOW_TARGET_PLATFORM_SPECIALIZATION = YES;
				ALWAYS_SEARCH_USER_PATHS = NO;
				ARCHS = (
					"$(ARCHS_STANDARD)",
					arm64,
					x86_64,
				);
				ASSETCATALOG_COMPILER_GENERATE_SWIFT_ASSET_SYMBOL_EXTENSIONS = YES;
				CLANG_ANALYZER_NONNULL = YES;
				CLANG_ANALYZER_NUMBER_OBJECT_CONVERSION = YES_AGGRESSIVE;
				CLANG_CXX_LANGUAGE_STANDARD = "gnu++20";
				CLANG_ENABLE_MODULES = YES;
				CLANG_ENABLE_OBJC_ARC = YES;
				CLANG_ENABLE_OBJC_WEAK = YES;
				CLANG_WARN_BLOCK_CAPTURE_AUTORELEASING = YES;
				CLANG_WARN_BOOL_CONVERSION = YES;
				CLANG_WARN_COMMA = YES;
				CLANG_WARN_CONSTANT_CONVERSION = YES;
				CLANG_WARN_DEPRECATED_OBJC_IMPLEMENTATIONS = YES;
				CLANG_WARN_DIRECT_OBJC_ISA_USAGE = YES_ERROR;
				CLANG_WARN_DOCUMENTATION_COMMENTS = YES;
				CLANG_WARN_EMPTY_BODY = YES;
				CLANG_WARN_ENUM_CONVERSION = YES;
				CLANG_WARN_INFINITE_RECURSION = YES;
				CLANG_WARN_INT_CONVERSION = YES;
				CLANG_WARN_NON_LITERAL_NULL_CONVERSION = YES;
				CLANG_WARN_OBJC_IMPLICIT_RETAIN_SELF = YES;
				CLANG_WARN_OBJC_LITERAL_CONVERSION = YES;
				CLANG_WARN_OBJC_ROOT_CLASS = YES_ERROR;
				CLANG_WARN_QUOTED_INCLUDE_IN_FRAMEWORK_HEADER = YES;
				CLANG_WARN_RANGE_LOOP_ANALYSIS = YES;
				CLANG_WARN_STRICT_PROTOTYPES = YES;
				CLANG_WARN_SUSPICIOUS_MOVE = YES;
				CLANG_WARN_UNGUARDED_AVAILABILITY = YES_AGGRESSIVE;
				CLANG_WARN_UNREACHABLE_CODE = YES;
				CLANG_WARN__DUPLICATE_METHOD_MATCH = YES;
				COPY_PHASE_STRIP = NO;
				DEBUG_INFORMATION_FORMAT = "dwarf-with-dsym";
				ENABLE_NS_ASSERTIONS = NO;
				ENABLE_STRICT_OBJC_MSGSEND = YES;
				ENABLE_USER_SCRIPT_SANDBOXING = NO;
				GCC_C_LANGUAGE_STANDARD = gnu17;
				GCC_NO_COMMON_BLOCKS = YES;
				GCC_WARN_64_TO_32_BIT_CONVERSION = YES;
				GCC_WARN_ABOUT_RETURN_TYPE = YES_ERROR;
				GCC_WARN_UNDECLARED_SELECTOR = YES;
				GCC_WARN_UNINITIALIZED_AUTOS = YES_AGGRESSIVE;
				GCC_WARN_UNUSED_FUNCTION = YES;
				GCC_WARN_UNUSED_VARIABLE = YES;
				IPHONEOS_DEPLOYMENT_TARGET = 17.0;
				LOCALIZATION_PREFERS_STRING_CATALOGS = YES;
				MTL_ENABLE_DEBUG_INFO = NO;
				MTL_FAST_MATH = YES;
				SDKROOT = iphoneos;
				SUPPORTED_PLATFORMS = "iphonesimulator iphoneos";
				SUPPORTS_MACCATALYST = YES;
				SWIFT_COMPILATION_MODE = wholemodule;
				VALIDATE_PRODUCT = YES;
			};
			name = Release;
		};
		1DC258292CC07DCF0002DDE3 /* Debug */ = {
			isa = XCBuildConfiguration;
			buildSettings = {
				ALLOW_TARGET_PLATFORM_SPECIALIZATION = YES;
				ASSETCATALOG_COMPILER_APPICON_NAME = AppIcon;
				ASSETCATALOG_COMPILER_GLOBAL_ACCENT_COLOR_NAME = AccentColor;
				CODE_SIGN_ENTITLEMENTS = Savely/Savely.entitlements;
				CODE_SIGN_STYLE = Automatic;
				CURRENT_PROJECT_VERSION = 1;
				DEVELOPMENT_ASSET_PATHS = "\"Savely/Preview Content\"";
				DEVELOPMENT_TEAM = ZHLD96SP29;
				ENABLE_PREVIEWS = YES;
				GENERATE_INFOPLIST_FILE = YES;
				INFOPLIST_FILE = Savely/Info.plist;
				INFOPLIST_KEY_NSCameraUsageDescription = "Savely uses the camera to scan receipts for recording and managing your expenses.\n";
				INFOPLIST_KEY_UIApplicationSceneManifest_Generation = YES;
				INFOPLIST_KEY_UIApplicationSupportsIndirectInputEvents = YES;
				INFOPLIST_KEY_UILaunchScreen_Generation = YES;
				INFOPLIST_KEY_UISupportedInterfaceOrientations_iPad = "UIInterfaceOrientationPortrait UIInterfaceOrientationPortraitUpsideDown UIInterfaceOrientationLandscapeLeft UIInterfaceOrientationLandscapeRight";
				INFOPLIST_KEY_UISupportedInterfaceOrientations_iPhone = "UIInterfaceOrientationPortrait UIInterfaceOrientationLandscapeLeft UIInterfaceOrientationLandscapeRight";
				LD_RUNPATH_SEARCH_PATHS = (
					"$(inherited)",
					"@executable_path/Frameworks",
				);
				MARKETING_VERSION = 1.0;
				PRODUCT_BUNDLE_IDENTIFIER = IvanLB.Savely;
				PRODUCT_NAME = "$(TARGET_NAME)";
				SUPPORTED_PLATFORMS = "iphonesimulator iphoneos";
				SUPPORTS_MACCATALYST = YES;
				SWIFT_EMIT_LOC_STRINGS = YES;
				SWIFT_VERSION = 5.0;
				TARGETED_DEVICE_FAMILY = "1,2";
			};
			name = Debug;
		};
		1DC2582A2CC07DCF0002DDE3 /* Release */ = {
			isa = XCBuildConfiguration;
			buildSettings = {
				ALLOW_TARGET_PLATFORM_SPECIALIZATION = YES;
				ASSETCATALOG_COMPILER_APPICON_NAME = AppIcon;
				ASSETCATALOG_COMPILER_GLOBAL_ACCENT_COLOR_NAME = AccentColor;
				CODE_SIGN_ENTITLEMENTS = Savely/Savely.entitlements;
				CODE_SIGN_STYLE = Automatic;
				CURRENT_PROJECT_VERSION = 1;
				DEVELOPMENT_ASSET_PATHS = "\"Savely/Preview Content\"";
				DEVELOPMENT_TEAM = ZHLD96SP29;
				ENABLE_PREVIEWS = YES;
				GENERATE_INFOPLIST_FILE = YES;
				INFOPLIST_FILE = Savely/Info.plist;
				INFOPLIST_KEY_NSCameraUsageDescription = "Savely uses the camera to scan receipts for recording and managing your expenses.\n";
				INFOPLIST_KEY_UIApplicationSceneManifest_Generation = YES;
				INFOPLIST_KEY_UIApplicationSupportsIndirectInputEvents = YES;
				INFOPLIST_KEY_UILaunchScreen_Generation = YES;
				INFOPLIST_KEY_UISupportedInterfaceOrientations_iPad = "UIInterfaceOrientationPortrait UIInterfaceOrientationPortraitUpsideDown UIInterfaceOrientationLandscapeLeft UIInterfaceOrientationLandscapeRight";
				INFOPLIST_KEY_UISupportedInterfaceOrientations_iPhone = "UIInterfaceOrientationPortrait UIInterfaceOrientationLandscapeLeft UIInterfaceOrientationLandscapeRight";
				LD_RUNPATH_SEARCH_PATHS = (
					"$(inherited)",
					"@executable_path/Frameworks",
				);
				MARKETING_VERSION = 1.0;
				PRODUCT_BUNDLE_IDENTIFIER = IvanLB.Savely;
				PRODUCT_NAME = "$(TARGET_NAME)";
				SUPPORTED_PLATFORMS = "iphonesimulator iphoneos";
				SUPPORTS_MACCATALYST = YES;
				SWIFT_EMIT_LOC_STRINGS = YES;
				SWIFT_VERSION = 5.0;
				TARGETED_DEVICE_FAMILY = "1,2";
			};
			name = Release;
		};
		1DC2582C2CC07DCF0002DDE3 /* Debug */ = {
			isa = XCBuildConfiguration;
			buildSettings = {
				ALLOW_TARGET_PLATFORM_SPECIALIZATION = YES;
				ALWAYS_EMBED_SWIFT_STANDARD_LIBRARIES = YES;
				BUNDLE_LOADER = "$(TEST_HOST)";
				CODE_SIGN_STYLE = Automatic;
				CURRENT_PROJECT_VERSION = 1;
				DEVELOPMENT_TEAM = ZHLD96SP29;
				GENERATE_INFOPLIST_FILE = YES;
				IPHONEOS_DEPLOYMENT_TARGET = 17.5;
				MARKETING_VERSION = 1.0;
				PRODUCT_BUNDLE_IDENTIFIER = IvanLB.SavelyTests;
				PRODUCT_NAME = "$(TARGET_NAME)";
				SUPPORTED_PLATFORMS = "iphonesimulator iphoneos";
				SUPPORTS_MACCATALYST = YES;
				SWIFT_EMIT_LOC_STRINGS = NO;
				SWIFT_VERSION = 5.0;
				TARGETED_DEVICE_FAMILY = "1,2";
				TEST_HOST = "$(BUILT_PRODUCTS_DIR)/Savely.app/$(BUNDLE_EXECUTABLE_FOLDER_PATH)/Savely";
			};
			name = Debug;
		};
		1DC2582D2CC07DCF0002DDE3 /* Release */ = {
			isa = XCBuildConfiguration;
			buildSettings = {
				ALLOW_TARGET_PLATFORM_SPECIALIZATION = YES;
				ALWAYS_EMBED_SWIFT_STANDARD_LIBRARIES = YES;
				BUNDLE_LOADER = "$(TEST_HOST)";
				CODE_SIGN_STYLE = Automatic;
				CURRENT_PROJECT_VERSION = 1;
				DEVELOPMENT_TEAM = ZHLD96SP29;
				GENERATE_INFOPLIST_FILE = YES;
				IPHONEOS_DEPLOYMENT_TARGET = 17.5;
				MARKETING_VERSION = 1.0;
				PRODUCT_BUNDLE_IDENTIFIER = IvanLB.SavelyTests;
				PRODUCT_NAME = "$(TARGET_NAME)";
				SUPPORTED_PLATFORMS = "iphonesimulator iphoneos";
				SUPPORTS_MACCATALYST = YES;
				SWIFT_EMIT_LOC_STRINGS = NO;
				SWIFT_VERSION = 5.0;
				TARGETED_DEVICE_FAMILY = "1,2";
				TEST_HOST = "$(BUILT_PRODUCTS_DIR)/Savely.app/$(BUNDLE_EXECUTABLE_FOLDER_PATH)/Savely";
			};
			name = Release;
		};
		1DC2582F2CC07DCF0002DDE3 /* Debug */ = {
			isa = XCBuildConfiguration;
			buildSettings = {
				ALLOW_TARGET_PLATFORM_SPECIALIZATION = YES;
				ALWAYS_EMBED_SWIFT_STANDARD_LIBRARIES = YES;
				CODE_SIGN_STYLE = Automatic;
				CURRENT_PROJECT_VERSION = 1;
				DEVELOPMENT_TEAM = ZHLD96SP29;
				GENERATE_INFOPLIST_FILE = YES;
				MARKETING_VERSION = 1.0;
				PRODUCT_BUNDLE_IDENTIFIER = IvanLB.SavelyUITests;
				PRODUCT_NAME = "$(TARGET_NAME)";
				SUPPORTED_PLATFORMS = "iphonesimulator iphoneos";
				SUPPORTS_MACCATALYST = YES;
				SWIFT_EMIT_LOC_STRINGS = NO;
				SWIFT_VERSION = 5.0;
				TARGETED_DEVICE_FAMILY = "1,2";
				TEST_TARGET_NAME = Savely;
			};
			name = Debug;
		};
		1DC258302CC07DCF0002DDE3 /* Release */ = {
			isa = XCBuildConfiguration;
			buildSettings = {
				ALLOW_TARGET_PLATFORM_SPECIALIZATION = YES;
				ALWAYS_EMBED_SWIFT_STANDARD_LIBRARIES = YES;
				CODE_SIGN_STYLE = Automatic;
				CURRENT_PROJECT_VERSION = 1;
				DEVELOPMENT_TEAM = ZHLD96SP29;
				GENERATE_INFOPLIST_FILE = YES;
				MARKETING_VERSION = 1.0;
				PRODUCT_BUNDLE_IDENTIFIER = IvanLB.SavelyUITests;
				PRODUCT_NAME = "$(TARGET_NAME)";
				SUPPORTED_PLATFORMS = "iphonesimulator iphoneos";
				SUPPORTS_MACCATALYST = YES;
				SWIFT_EMIT_LOC_STRINGS = NO;
				SWIFT_VERSION = 5.0;
				TARGETED_DEVICE_FAMILY = "1,2";
				TEST_TARGET_NAME = Savely;
			};
			name = Release;
		};
/* End XCBuildConfiguration section */

/* Begin XCConfigurationList section */
		1DC257FF2CC07DCC0002DDE3 /* Build configuration list for PBXProject "Savely" */ = {
			isa = XCConfigurationList;
			buildConfigurations = (
				1DC258262CC07DCF0002DDE3 /* Debug */,
				1DC258272CC07DCF0002DDE3 /* Release */,
			);
			defaultConfigurationIsVisible = 0;
			defaultConfigurationName = Release;
		};
		1DC258282CC07DCF0002DDE3 /* Build configuration list for PBXNativeTarget "Savely" */ = {
			isa = XCConfigurationList;
			buildConfigurations = (
				1DC258292CC07DCF0002DDE3 /* Debug */,
				1DC2582A2CC07DCF0002DDE3 /* Release */,
			);
			defaultConfigurationIsVisible = 0;
			defaultConfigurationName = Release;
		};
		1DC2582B2CC07DCF0002DDE3 /* Build configuration list for PBXNativeTarget "SavelyTests" */ = {
			isa = XCConfigurationList;
			buildConfigurations = (
				1DC2582C2CC07DCF0002DDE3 /* Debug */,
				1DC2582D2CC07DCF0002DDE3 /* Release */,
			);
			defaultConfigurationIsVisible = 0;
			defaultConfigurationName = Release;
		};
		1DC2582E2CC07DCF0002DDE3 /* Build configuration list for PBXNativeTarget "SavelyUITests" */ = {
			isa = XCConfigurationList;
			buildConfigurations = (
				1DC2582F2CC07DCF0002DDE3 /* Debug */,
				1DC258302CC07DCF0002DDE3 /* Release */,
			);
			defaultConfigurationIsVisible = 0;
			defaultConfigurationName = Release;
		};
/* End XCConfigurationList section */

/* Begin XCRemoteSwiftPackageReference section */
		1DAF5D0D2CEDAA59001C0AF3 /* XCRemoteSwiftPackageReference "IQKeyboardManager" */ = {
			isa = XCRemoteSwiftPackageReference;
			repositoryURL = "https://github.com/hackiftekhar/IQKeyboardManager";
			requirement = {
				kind = upToNextMajorVersion;
				minimumVersion = 8.0.0;
			};
		};
		1DAF5D292CEEA943001C0AF3 /* XCRemoteSwiftPackageReference "MarkdownUI" */ = {
			isa = XCRemoteSwiftPackageReference;
			repositoryURL = "https://github.com/gonzalezreal/MarkdownUI";
			requirement = {
				kind = upToNextMajorVersion;
				minimumVersion = 2.4.1;
			};
		};
		1DE4B4C42CE5D63E006C8F65 /* XCRemoteSwiftPackageReference "firebase-ios-sdk" */ = {
			isa = XCRemoteSwiftPackageReference;
			repositoryURL = "https://github.com/firebase/firebase-ios-sdk";
			requirement = {
				kind = upToNextMajorVersion;
				minimumVersion = 11.5.0;
			};
		};
/* End XCRemoteSwiftPackageReference section */

/* Begin XCSwiftPackageProductDependency section */
		1DAF5D0E2CEDAAAD001C0AF3 /* IQKeyboardManagerSwift */ = {
			isa = XCSwiftPackageProductDependency;
			package = 1DAF5D0D2CEDAA59001C0AF3 /* XCRemoteSwiftPackageReference "IQKeyboardManager" */;
			productName = IQKeyboardManagerSwift;
		};
		1DAF5D2A2CEEA943001C0AF3 /* MarkdownUI */ = {
			isa = XCSwiftPackageProductDependency;
			package = 1DAF5D292CEEA943001C0AF3 /* XCRemoteSwiftPackageReference "MarkdownUI" */;
			productName = MarkdownUI;
		};
		1DE4B4C92CE5DC36006C8F65 /* FirebaseAuth */ = {
			isa = XCSwiftPackageProductDependency;
			package = 1DE4B4C42CE5D63E006C8F65 /* XCRemoteSwiftPackageReference "firebase-ios-sdk" */;
			productName = FirebaseAuth;
		};
		1DE4B4CB2CE5DC3B006C8F65 /* FirebaseFirestore */ = {
			isa = XCSwiftPackageProductDependency;
			package = 1DE4B4C42CE5D63E006C8F65 /* XCRemoteSwiftPackageReference "firebase-ios-sdk" */;
			productName = FirebaseFirestore;
		};
/* End XCSwiftPackageProductDependency section */
	};
	rootObject = 1DC257FC2CC07DCC0002DDE3 /* Project object */;
}
